schema: '2.0'
stages:
  data_ingestion:
    cmd: python src/smoker_status/e_pipeline/stg_01_data_ingestion.py
    deps:
    - path: config/config.yaml
      hash: md5
      md5: d2afeffa81b2cc4127bafec6b7086c17
      size: 2638
    - path: src/smoker_status/e_pipeline/stg_01_data_ingestion.py
      hash: md5
      md5: dfb1e565ae15ae9ac1cd037e433006a0
      size: 1044
    outs:
    - path: artifacts/data_ingestion/downloaded
      hash: md5
      md5: 70cb94710e577fea22581215d2f66cc0.dir
      size: 8499687
      nfiles: 2
    - path: artifacts/data_ingestion/extracted
      hash: md5
      md5: 8729f3e9f69d7f66da0015a08e83f6c7.dir
      size: 26972122
      nfiles: 5
  data_transformation:
    cmd: python src/smoker_status/e_pipeline/stg_02_data_transformation.py
    deps:
    - path: artifacts/data_ingestion/extracted
      hash: md5
      md5: 8729f3e9f69d7f66da0015a08e83f6c7.dir
      size: 26972122
      nfiles: 5
    - path: config/config.yaml
      hash: md5
      md5: d2afeffa81b2cc4127bafec6b7086c17
      size: 2638
    - path: src/smoker_status/e_pipeline/stg_02_data_transformation.py
      hash: md5
      md5: 35b43a0e666b34e7c0f3506daf941ba8
      size: 1086
    outs:
    - path: artifacts/data_transformation
      hash: md5
      md5: 79375f43041f0a512933d65d7f1a6e5b.dir
      size: 14778483
      nfiles: 2
  model_trainer:
    cmd: python src/smoker_status/e_pipeline/stg_03_model_training.py
    deps:
    - path: artifacts/data_transformation
      hash: md5
      md5: 79375f43041f0a512933d65d7f1a6e5b.dir
      size: 14778483
      nfiles: 2
    - path: config/config.yaml
      hash: md5
      md5: d2afeffa81b2cc4127bafec6b7086c17
      size: 2638
    - path: src/smoker_status/e_pipeline/stg_03_model_training.py
      hash: md5
      md5: 2b508c00c3da7b62695a82c91d129845
      size: 1235
    outs:
    - path: artifacts/model_trainer
      hash: md5
      md5: fa7340ff28fe41f76ffab5594c79559d.dir
      size: 223532999
      nfiles: 3
    - path: bestparams.yaml
      hash: md5
      md5: 9949a1da050cedc5b287730b1f7ae66d
      size: 771
  model_eval:
    cmd: python src/smoker_status/e_pipeline/stg_04_model_eval.py
    deps:
    - path: artifacts/model_trainer
      hash: md5
      md5: fa7340ff28fe41f76ffab5594c79559d.dir
      size: 223532999
      nfiles: 3
    - path: bestparams.yaml
      hash: md5
      md5: 9949a1da050cedc5b287730b1f7ae66d
      size: 771
    - path: config/config.yaml
      hash: md5
      md5: d2afeffa81b2cc4127bafec6b7086c17
      size: 2638
    - path: src/smoker_status/e_pipeline/stg_04_model_eval.py
      hash: md5
      md5: 64060e43e5f66aaa39777656b5be773e
      size: 1079
